
Microsoft Visual Studio Solution File, Format Version 12.00
Project("{FAE04EC0-301F-11D3-BF4B-00C04F79EFBC}") = "APBD_11", "APBD_11\APBD_11.csproj", "{432698E5-CEA6-4139-B26F-6E4BAB61E52F}"
EndProject
Global
	GlobalSection(SolutionConfigurationPlatforms) = preSolution
		Debug|Any CPU = Debug|Any CPU
		Release|Any CPU = Release|Any CPU
	EndGlobalSection
	GlobalSection(ProjectConfigurationPlatforms) = postSolution
		{432698E5-CEA6-4139-B26F-6E4BAB61E52F}.Debug|Any CPU.ActiveCfg = Debug|Any CPU
		{432698E5-CEA6-4139-B26F-6E4BAB61E52F}.Debug|Any CPU.Build.0 = Debug|Any CPU
		{432698E5-CEA6-4139-B26F-6E4BAB61E52F}.Release|Any CPU.ActiveCfg = Release|Any CPU
		{432698E5-CEA6-4139-B26F-6E4BAB61E52F}.Release|Any CPU.Build.0 = Release|Any CPU
	EndGlobalSection
EndGlobal
